
Microsoft Visual Studio Solution File, Format Version 12.00
# Visual Studio Version 17
VisualStudioVersion = 17.8.34525.116
MinimumVisualStudioVersion = 10.0.40219.1
Project("{9A19103F-16F7-4668-BE54-9A1E7A4F7556}") = "ProgramacaoDoZero", "ProgramacaoDoZero\ProgramacaoDoZero.csproj", "{3A039320-ABB2-4901-BD3B-0CA28A05252C}"
EndProject
Project("{2150E333-8FDC-42A3-9474-1A3956D46DE8}") = "Db-script", "Db-script", "{348314DB-78A0-454A-87CA-D2D43D5E4078}"
	ProjectSection(SolutionItems) = preProject
		Script.sql = Script.sql
	EndProjectSection
EndProject
Global
	GlobalSection(SolutionConfigurationPlatforms) = preSolution
		Debug|Any CPU = Debug|Any CPU
		Release|Any CPU = Release|Any CPU
	EndGlobalSection
	GlobalSection(ProjectConfigurationPlatforms) = postSolution
		{3A039320-ABB2-4901-BD3B-0CA28A05252C}.Debug|Any CPU.ActiveCfg = Debug|Any CPU
		{3A039320-ABB2-4901-BD3B-0CA28A05252C}.Debug|Any CPU.Build.0 = Debug|Any CPU
		{3A039320-ABB2-4901-BD3B-0CA28A05252C}.Release|Any CPU.ActiveCfg = Release|Any CPU
		{3A039320-ABB2-4901-BD3B-0CA28A05252C}.Release|Any CPU.Build.0 = Release|Any CPU
	EndGlobalSection
	GlobalSection(SolutionProperties) = preSolution
		HideSolutionNode = FALSE
	EndGlobalSection
	GlobalSection(ExtensibilityGlobals) = postSolution
		SolutionGuid = {FAEDB7CA-20BD-4901-93B8-5D0D52F1041A}
	EndGlobalSection
EndGlobal
